{
  "version": 4,
  "terraform_version": "1.13.4",
  "serial": 7,
  "lineage": "a0860a28-bc92-c091-eab7-db7a60cea492",
  "outputs": {
    "aws_account_id": {
      "value": "183631346881",
      "type": "string"
    },
    "ecr_repository_urls": {
      "value": {
        "ecomerrce2-cart-service": "183631346881.dkr.ecr.us-east-1.amazonaws.com/ecomerrce2-cart-service",
        "ecomerrce2-email-service": "183631346881.dkr.ecr.us-east-1.amazonaws.com/ecomerrce2-email-service",
        "ecomerrce2-frontend": "183631346881.dkr.ecr.us-east-1.amazonaws.com/ecomerrce2-frontend",
        "ecomerrce2-payment-service": "183631346881.dkr.ecr.us-east-1.amazonaws.com/ecomerrce2-payment-service",
        "ecomerrce2-product-service": "183631346881.dkr.ecr.us-east-1.amazonaws.com/ecomerrce2-product-service",
        "ecomerrce2-search-service": "183631346881.dkr.ecr.us-east-1.amazonaws.com/ecomerrce2-search-service"
      },
      "type": [
        "object",
        {
          "ecomerrce2-cart-service": "string",
          "ecomerrce2-email-service": "string",
          "ecomerrce2-frontend": "string",
          "ecomerrce2-payment-service": "string",
          "ecomerrce2-product-service": "string",
          "ecomerrce2-search-service": "string"
        }
      ]
    }
  },
  "resources": [
    {
      "mode": "data",
      "type": "aws_caller_identity",
      "name": "current",
      "provider": "provider[\"registry.terraform.io/hashicorp/aws\"]",
      "instances": [
        {
          "schema_version": 0,
          "attributes": {
            "account_id": "183631346881",
            "arn": "arn:aws:iam::183631346881:user/devuser",
            "id": "183631346881",
            "user_id": "AIDASVQKH7TA7HTULAXCM"
          },
          "sensitive_attributes": [],
          "identity_schema_version": 0
        }
      ]
    },
    {
      "mode": "managed",
      "type": "aws_ecr_repository",
      "name": "repos",
      "provider": "provider[\"registry.terraform.io/hashicorp/aws\"]",
      "instances": [
        {
          "index_key": "cart-service",
          "schema_version": 0,
          "attributes": {
            "arn": "arn:aws:ecr:us-east-1:183631346881:repository/ecomerrce2-cart-service",
            "encryption_configuration": [
              {
                "encryption_type": "AES256",
                "kms_key": ""
              }
            ],
            "force_delete": null,
            "id": "ecomerrce2-cart-service",
            "image_scanning_configuration": [
              {
                "scan_on_push": true
              }
            ],
            "image_tag_mutability": "MUTABLE",
            "name": "ecomerrce2-cart-service",
            "registry_id": "183631346881",
            "repository_url": "183631346881.dkr.ecr.us-east-1.amazonaws.com/ecomerrce2-cart-service",
            "tags": null,
            "tags_all": {},
            "timeouts": null
          },
          "sensitive_attributes": [],
          "identity_schema_version": 0,
          "private": "eyJlMmJmYjczMC1lY2FhLTExZTYtOGY4OC0zNDM2M2JjN2M0YzAiOnsiZGVsZXRlIjoxMjAwMDAwMDAwMDAwfX0="
        },
        {
          "index_key": "email-service",
          "schema_version": 0,
          "attributes": {
            "arn": "arn:aws:ecr:us-east-1:183631346881:repository/ecomerrce2-email-service",
            "encryption_configuration": [
              {
                "encryption_type": "AES256",
                "kms_key": ""
              }
            ],
            "force_delete": null,
            "id": "ecomerrce2-email-service",
            "image_scanning_configuration": [
              {
                "scan_on_push": true
              }
            ],
            "image_tag_mutability": "MUTABLE",
            "name": "ecomerrce2-email-service",
            "registry_id": "183631346881",
            "repository_url": "183631346881.dkr.ecr.us-east-1.amazonaws.com/ecomerrce2-email-service",
            "tags": null,
            "tags_all": {},
            "timeouts": null
          },
          "sensitive_attributes": [],
          "identity_schema_version": 0,
          "private": "eyJlMmJmYjczMC1lY2FhLTExZTYtOGY4OC0zNDM2M2JjN2M0YzAiOnsiZGVsZXRlIjoxMjAwMDAwMDAwMDAwfX0="
        },
        {
          "index_key": "frontend",
          "schema_version": 0,
          "attributes": {
            "arn": "arn:aws:ecr:us-east-1:183631346881:repository/ecomerrce2-frontend",
            "encryption_configuration": [
              {
                "encryption_type": "AES256",
                "kms_key": ""
              }
            ],
            "force_delete": null,
            "id": "ecomerrce2-frontend",
            "image_scanning_configuration": [
              {
                "scan_on_push": true
              }
            ],
            "image_tag_mutability": "MUTABLE",
            "name": "ecomerrce2-frontend",
            "registry_id": "183631346881",
            "repository_url": "183631346881.dkr.ecr.us-east-1.amazonaws.com/ecomerrce2-frontend",
            "tags": null,
            "tags_all": {},
            "timeouts": null
          },
          "sensitive_attributes": [],
          "identity_schema_version": 0,
          "private": "eyJlMmJmYjczMC1lY2FhLTExZTYtOGY4OC0zNDM2M2JjN2M0YzAiOnsiZGVsZXRlIjoxMjAwMDAwMDAwMDAwfX0="
        },
        {
          "index_key": "payment-service",
          "schema_version": 0,
          "attributes": {
            "arn": "arn:aws:ecr:us-east-1:183631346881:repository/ecomerrce2-payment-service",
            "encryption_configuration": [
              {
                "encryption_type": "AES256",
                "kms_key": ""
              }
            ],
            "force_delete": null,
            "id": "ecomerrce2-payment-service",
            "image_scanning_configuration": [
              {
                "scan_on_push": true
              }
            ],
            "image_tag_mutability": "MUTABLE",
            "name": "ecomerrce2-payment-service",
            "registry_id": "183631346881",
            "repository_url": "183631346881.dkr.ecr.us-east-1.amazonaws.com/ecomerrce2-payment-service",
            "tags": null,
            "tags_all": {},
            "timeouts": null
          },
          "sensitive_attributes": [],
          "identity_schema_version": 0,
          "private": "eyJlMmJmYjczMC1lY2FhLTExZTYtOGY4OC0zNDM2M2JjN2M0YzAiOnsiZGVsZXRlIjoxMjAwMDAwMDAwMDAwfX0="
        },
        {
          "index_key": "product-service",
          "schema_version": 0,
          "attributes": {
            "arn": "arn:aws:ecr:us-east-1:183631346881:repository/ecomerrce2-product-service",
            "encryption_configuration": [
              {
                "encryption_type": "AES256",
                "kms_key": ""
              }
            ],
            "force_delete": null,
            "id": "ecomerrce2-product-service",
            "image_scanning_configuration": [
              {
                "scan_on_push": true
              }
            ],
            "image_tag_mutability": "MUTABLE",
            "name": "ecomerrce2-product-service",
            "registry_id": "183631346881",
            "repository_url": "183631346881.dkr.ecr.us-east-1.amazonaws.com/ecomerrce2-product-service",
            "tags": null,
            "tags_all": {},
            "timeouts": null
          },
          "sensitive_attributes": [],
          "identity_schema_version": 0,
          "private": "eyJlMmJmYjczMC1lY2FhLTExZTYtOGY4OC0zNDM2M2JjN2M0YzAiOnsiZGVsZXRlIjoxMjAwMDAwMDAwMDAwfX0="
        },
        {
          "index_key": "search-service",
          "schema_version": 0,
          "attributes": {
            "arn": "arn:aws:ecr:us-east-1:183631346881:repository/ecomerrce2-search-service",
            "encryption_configuration": [
              {
                "encryption_type": "AES256",
                "kms_key": ""
              }
            ],
            "force_delete": null,
            "id": "ecomerrce2-search-service",
            "image_scanning_configuration": [
              {
                "scan_on_push": true
              }
            ],
            "image_tag_mutability": "MUTABLE",
            "name": "ecomerrce2-search-service",
            "registry_id": "183631346881",
            "repository_url": "183631346881.dkr.ecr.us-east-1.amazonaws.com/ecomerrce2-search-service",
            "tags": null,
            "tags_all": {},
            "timeouts": null
          },
          "sensitive_attributes": [],
          "identity_schema_version": 0,
          "private": "eyJlMmJmYjczMC1lY2FhLTExZTYtOGY4OC0zNDM2M2JjN2M0YzAiOnsiZGVsZXRlIjoxMjAwMDAwMDAwMDAwfX0="
        }
      ]
    },
    {
      "mode": "managed",
      "type": "null_resource",
      "name": "docker_push",
      "provider": "provider[\"registry.terraform.io/hashicorp/null\"]",
      "instances": [
        {
          "schema_version": 0,
          "attributes": {
            "id": "1370682674",
            "triggers": {
              "always_run": "2026-05-31T15:36:55Z"
            }
          },
          "sensitive_attributes": [],
          "identity_schema_version": 0,
          "dependencies": [
            "aws_ecr_repository.repos",
            "data.aws_caller_identity.current"
          ]
        }
      ]
    }
  ],
  "check_results": null
}
